
Microsoft Visual Studio Solution File, Format Version 12.00
# Visual Studio Version 17
VisualStudioVersion = 17.1.32328.378
MinimumVisualStudioVersion = 10.0.40219.1
Project("{FAE04EC0-301F-11D3-BF4B-00C04F79EFBC}") = "P-n-F", "P-n-F.csproj", "{590CDAF5-2496-482A-B720-41788831AE6C}"
EndProject
Global
	GlobalSection(SolutionConfigurationPlatforms) = preSolution
		Debug|Any CPU = Debug|Any CPU
		Release|Any CPU = Release|Any CPU
	EndGlobalSection
	GlobalSection(ProjectConfigurationPlatforms) = postSolution
		{590CDAF5-2496-482A-B720-41788831AE6C}.Debug|Any CPU.ActiveCfg = Debug|Any CPU
		{590CDAF5-2496-482A-B720-41788831AE6C}.Debug|Any CPU.Build.0 = Debug|Any CPU
		{590CDAF5-2496-482A-B720-41788831AE6C}.Release|Any CPU.ActiveCfg = Release|Any CPU
		{590CDAF5-2496-482A-B720-41788831AE6C}.Release|Any CPU.Build.0 = Release|Any CPU
	EndGlobalSection
	GlobalSection(SolutionProperties) = preSolution
		HideSolutionNode = FALSE
	EndGlobalSection
	GlobalSection(ExtensibilityGlobals) = postSolution
		SolutionGuid = {42CEB65F-C73A-410C-9288-C0DE2C1ED7D8}
	EndGlobalSection
EndGlobal
